Microsoft Visual Studio Solution File, Format Version 12.00
# Visual Studio Version 17
VisualStudioVersion = 17.5.2.0
MinimumVisualStudioVersion = 10.0.40219.1
Project("{FAE04EC0-301F-11D3-BF4B-00C04F79EFBC}") = "csharp-sample", "csharp-sample.csproj", "{7199E71B-4B0D-C490-39B3-C29160802ADD}"
EndProject
Global
	GlobalSection(SolutionConfigurationPlatforms) = preSolution
		Debug|Any CPU = Debug|Any CPU
		Release|Any CPU = Release|Any CPU
	EndGlobalSection
	GlobalSection(ProjectConfigurationPlatforms) = postSolution
		{7199E71B-4B0D-C490-39B3-C29160802ADD}.Debug|Any CPU.ActiveCfg = Debug|Any CPU
		{7199E71B-4B0D-C490-39B3-C29160802ADD}.Debug|Any CPU.Build.0 = Debug|Any CPU
		{7199E71B-4B0D-C490-39B3-C29160802ADD}.Release|Any CPU.ActiveCfg = Release|Any CPU
		{7199E71B-4B0D-C490-39B3-C29160802ADD}.Release|Any CPU.Build.0 = Release|Any CPU
	EndGlobalSection
	GlobalSection(SolutionProperties) = preSolution
		HideSolutionNode = FALSE
	EndGlobalSection
	GlobalSection(ExtensibilityGlobals) = postSolution
		SolutionGuid = {A8965F8C-166D-4F68-8B13-1FC8AC3DD603}
	EndGlobalSection
EndGlobal
